
Microsoft Visual Studio Solution File, Format Version 12.00
# Visual Studio Version 17
VisualStudioVersion = 17.9.34902.65
MinimumVisualStudioVersion = 10.0.40219.1
Project("{FAE04EC0-301F-11D3-BF4B-00C04F79EFBC}") = "SmprMvcApp", "SmprMvcApp\SmprMvcApp.csproj", "{CA16DA5F-962C-4A87-AA0D-21B36E011774}"
EndProject
Global
	GlobalSection(SolutionConfigurationPlatforms) = preSolution
		Debug|Any CPU = Debug|Any CPU
		Release|Any CPU = Release|Any CPU
	EndGlobalSection
	GlobalSection(ProjectConfigurationPlatforms) = postSolution
		{CA16DA5F-962C-4A87-AA0D-21B36E011774}.Debug|Any CPU.ActiveCfg = Debug|Any CPU
		{CA16DA5F-962C-4A87-AA0D-21B36E011774}.Debug|Any CPU.Build.0 = Debug|Any CPU
		{CA16DA5F-962C-4A87-AA0D-21B36E011774}.Release|Any CPU.ActiveCfg = Release|Any CPU
		{CA16DA5F-962C-4A87-AA0D-21B36E011774}.Release|Any CPU.Build.0 = Release|Any CPU
	EndGlobalSection
	GlobalSection(SolutionProperties) = preSolution
		HideSolutionNode = FALSE
	EndGlobalSection
	GlobalSection(ExtensibilityGlobals) = postSolution
		SolutionGuid = {F5245CDE-7286-483B-BB2E-8460BCB5AE76}
	EndGlobalSection
EndGlobal
